
Microsoft Visual Studio Solution File, Format Version 12.00
# Visual Studio Version 16
VisualStudioVersion = 16.0.32126.315
MinimumVisualStudioVersion = 10.0.40219.1
Project("{FAE04EC0-301F-11D3-BF4B-00C04F79EFBC}") = "Soham", "Soham.csproj", "{A471AE81-3E33-4769-9246-93EE361F2002}"
EndProject
Project("{FAE04EC0-301F-11D3-BF4B-00C04F79EFBC}") = "DAL", "..\DAL\DAL.csproj", "{2E8235A9-C04F-4BCE-9F1D-C4A93BA62625}"
EndProject
Global
	GlobalSection(SolutionConfigurationPlatforms) = preSolution
		Debug|Any CPU = Debug|Any CPU
		Release|Any CPU = Release|Any CPU
	EndGlobalSection
	GlobalSection(ProjectConfigurationPlatforms) = postSolution
		{A471AE81-3E33-4769-9246-93EE361F2002}.Debug|Any CPU.ActiveCfg = Debug|Any CPU
		{A471AE81-3E33-4769-9246-93EE361F2002}.Debug|Any CPU.Build.0 = Debug|Any CPU
		{A471AE81-3E33-4769-9246-93EE361F2002}.Release|Any CPU.ActiveCfg = Release|Any CPU
		{A471AE81-3E33-4769-9246-93EE361F2002}.Release|Any CPU.Build.0 = Release|Any CPU
		{2E8235A9-C04F-4BCE-9F1D-C4A93BA62625}.Debug|Any CPU.ActiveCfg = Debug|Any CPU
		{2E8235A9-C04F-4BCE-9F1D-C4A93BA62625}.Debug|Any CPU.Build.0 = Debug|Any CPU
		{2E8235A9-C04F-4BCE-9F1D-C4A93BA62625}.Release|Any CPU.ActiveCfg = Release|Any CPU
		{2E8235A9-C04F-4BCE-9F1D-C4A93BA62625}.Release|Any CPU.Build.0 = Release|Any CPU
	EndGlobalSection
	GlobalSection(SolutionProperties) = preSolution
		HideSolutionNode = FALSE
	EndGlobalSection
	GlobalSection(ExtensibilityGlobals) = postSolution
		SolutionGuid = {035E56FD-1FAA-4AF6-B72B-604968B6B68C}
	EndGlobalSection
EndGlobal
